// !$*UTF8*$!
{
	archiveVersion = 1;
	classes = {
	};
	objectVersion = 56;
	objects = {

/* Begin PBXBuildFile section */
		6AC749542908EB6D00339F1A /* AppDelegate.swift in Sources */ = {isa = PBXBuildFile; fileRef = 6AC749532908EB6D00339F1A /* AppDelegate.swift */; };
		6AC749562908EB6D00339F1A /* SceneDelegate.swift in Sources */ = {isa = PBXBuildFile; fileRef = 6AC749552908EB6D00339F1A /* SceneDelegate.swift */; };
		6AC7495D2908EB6F00339F1A /* Assets.xcassets in Resources */ = {isa = PBXBuildFile; fileRef = 6AC7495C2908EB6F00339F1A /* Assets.xcassets */; };
		6AC749602908EB6F00339F1A /* LaunchScreen.storyboard in Resources */ = {isa = PBXBuildFile; fileRef = 6AC7495E2908EB6F00339F1A /* LaunchScreen.storyboard */; };
		6AC749682908EC6200339F1A /* MainViewController.swift in Sources */ = {isa = PBXBuildFile; fileRef = 6AC749672908EC6100339F1A /* MainViewController.swift */; };
		6AC7498A29090C3E00339F1A /* TextFieldWithTitle.swift in Sources */ = {isa = PBXBuildFile; fileRef = 6AC7498929090C3E00339F1A /* TextFieldWithTitle.swift */; };
		6AC749902909235C00339F1A /* ChildsHeaderView.swift in Sources */ = {isa = PBXBuildFile; fileRef = 6AC7498F2909235C00339F1A /* ChildsHeaderView.swift */; };
		6AC749B52909B6B200339F1A /* ChildsTableViewDataSource.swift in Sources */ = {isa = PBXBuildFile; fileRef = 6AC749B42909B6B200339F1A /* ChildsTableViewDataSource.swift */; };
		6AC749B82909B6F600339F1A /* MainViewPresenter.swift in Sources */ = {isa = PBXBuildFile; fileRef = 6AC749B72909B6F600339F1A /* MainViewPresenter.swift */; };
		6AC749BA2909C06100339F1A /* MainViewModel.swift in Sources */ = {isa = PBXBuildFile; fileRef = 6AC749B92909C06100339F1A /* MainViewModel.swift */; };
		6AC749BC2909C0C800339F1A /* ChildsTableViewCell.swift in Sources */ = {isa = PBXBuildFile; fileRef = 6AC749BB2909C0C800339F1A /* ChildsTableViewCell.swift */; };
		6AC749C6290ACFD100339F1A /* ChildsTableViewCellModel.swift in Sources */ = {isa = PBXBuildFile; fileRef = 6AC749C5290ACFD100339F1A /* ChildsTableViewCellModel.swift */; };
/* End PBXBuildFile section */

/* Begin PBXFileReference section */
		6AC749502908EB6D00339F1A /* Alef.app */ = {isa = PBXFileReference; explicitFileType = wrapper.application; includeInIndex = 0; path = Alef.app; sourceTree = BUILT_PRODUCTS_DIR; };
		6AC749532908EB6D00339F1A /* AppDelegate.swift */ = {isa = PBXFileReference; lastKnownFileType = sourcecode.swift; path = AppDelegate.swift; sourceTree = "<group>"; };
		6AC749552908EB6D00339F1A /* SceneDelegate.swift */ = {isa = PBXFileReference; lastKnownFileType = sourcecode.swift; path = SceneDelegate.swift; sourceTree = "<group>"; };
		6AC7495C2908EB6F00339F1A /* Assets.xcassets */ = {isa = PBXFileReference; lastKnownFileType = folder.assetcatalog; path = Assets.xcassets; sourceTree = "<group>"; };
		6AC7495F2908EB6F00339F1A /* Base */ = {isa = PBXFileReference; lastKnownFileType = file.storyboard; name = Base; path = Base.lproj/LaunchScreen.storyboard; sourceTree = "<group>"; };
		6AC749612908EB6F00339F1A /* Info.plist */ = {isa = PBXFileReference; lastKnownFileType = text.plist.xml; path = Info.plist; sourceTree = "<group>"; };
		6AC749672908EC6100339F1A /* MainViewController.swift */ = {isa = PBXFileReference; lastKnownFileType = sourcecode.swift; path = MainViewController.swift; sourceTree = "<group>"; };
		6AC7498929090C3E00339F1A /* TextFieldWithTitle.swift */ = {isa = PBXFileReference; lastKnownFileType = sourcecode.swift; path = TextFieldWithTitle.swift; sourceTree = "<group>"; };
		6AC7498F2909235C00339F1A /* ChildsHeaderView.swift */ = {isa = PBXFileReference; lastKnownFileType = sourcecode.swift; path = ChildsHeaderView.swift; sourceTree = "<group>"; };
		6AC749B42909B6B200339F1A /* ChildsTableViewDataSource.swift */ = {isa = PBXFileReference; lastKnownFileType = sourcecode.swift; path = ChildsTableViewDataSource.swift; sourceTree = "<group>"; };
		6AC749B72909B6F600339F1A /* MainViewPresenter.swift */ = {isa = PBXFileReference; lastKnownFileType = sourcecode.swift; path = MainViewPresenter.swift; sourceTree = "<group>"; };
		6AC749B92909C06100339F1A /* MainViewModel.swift */ = {isa = PBXFileReference; lastKnownFileType = sourcecode.swift; path = MainViewModel.swift; sourceTree = "<group>"; };
		6AC749BB2909C0C800339F1A /* ChildsTableViewCell.swift */ = {isa = PBXFileReference; lastKnownFileType = sourcecode.swift; path = ChildsTableViewCell.swift; sourceTree = "<group>"; };
		6AC749C5290ACFD100339F1A /* ChildsTableViewCellModel.swift */ = {isa = PBXFileReference; lastKnownFileType = sourcecode.swift; path = ChildsTableViewCellModel.swift; sourceTree = "<group>"; };
/* End PBXFileReference section */

/* Begin PBXFrameworksBuildPhase section */
		6AC7494D2908EB6D00339F1A /* Frameworks */ = {
			isa = PBXFrameworksBuildPhase;
			buildActionMask = 2147483647;
			files = (
			);
			runOnlyForDeploymentPostprocessing = 0;
		};
/* End PBXFrameworksBuildPhase section */

/* Begin PBXGroup section */
		6AC749472908EB6D00339F1A = {
			isa = PBXGroup;
			children = (
				6AC749522908EB6D00339F1A /* Alef */,
				6AC749512908EB6D00339F1A /* Products */,
			);
			sourceTree = "<group>";
		};
		6AC749512908EB6D00339F1A /* Products */ = {
			isa = PBXGroup;
			children = (
				6AC749502908EB6D00339F1A /* Alef.app */,
			);
			name = Products;
			sourceTree = "<group>";
		};
		6AC749522908EB6D00339F1A /* Alef */ = {
			isa = PBXGroup;
			children = (
				6AC749B32909B4AF00339F1A /* App */,
				6AC749B22909B45700339F1A /* ChildsTableView */,
				6AC749B62909B6D700339F1A /* MainViewController */,
				6AC749C8290BE76E00339F1A /* Resources */,
				6AC749C7290BE75700339F1A /* Storyboards */,
				6AC749B12909B3C900339F1A /* View components */,
			);
			path = Alef;
			sourceTree = "<group>";
		};
		6AC749B12909B3C900339F1A /* View components */ = {
			isa = PBXGroup;
			children = (
				6AC7498929090C3E00339F1A /* TextFieldWithTitle.swift */,
				6AC7498F2909235C00339F1A /* ChildsHeaderView.swift */,
			);
			path = "View components";
			sourceTree = "<group>";
		};
		6AC749B22909B45700339F1A /* ChildsTableView */ = {
			isa = PBXGroup;
			children = (
				6AC749B42909B6B200339F1A /* ChildsTableViewDataSource.swift */,
				6AC749BB2909C0C800339F1A /* ChildsTableViewCell.swift */,
				6AC749C5290ACFD100339F1A /* ChildsTableViewCellModel.swift */,
			);
			path = ChildsTableView;
			sourceTree = "<group>";
		};
		6AC749B32909B4AF00339F1A /* App */ = {
			isa = PBXGroup;
			children = (
				6AC749612908EB6F00339F1A /* Info.plist */,
				6AC749532908EB6D00339F1A /* AppDelegate.swift */,
				6AC749552908EB6D00339F1A /* SceneDelegate.swift */,
			);
			path = App;
			sourceTree = "<group>";
		};
		6AC749B62909B6D700339F1A /* MainViewController */ = {
			isa = PBXGroup;
			children = (
				6AC749672908EC6100339F1A /* MainViewController.swift */,
				6AC749B72909B6F600339F1A /* MainViewPresenter.swift */,
				6AC749B92909C06100339F1A /* MainViewModel.swift */,
			);
			name = MainViewController;
			sourceTree = "<group>";
		};
		6AC749C7290BE75700339F1A /* Storyboards */ = {
			isa = PBXGroup;
			children = (
				6AC7495E2908EB6F00339F1A /* LaunchScreen.storyboard */,
			);
			path = Storyboards;
			sourceTree = "<group>";
		};
		6AC749C8290BE76E00339F1A /* Resources */ = {
			isa = PBXGroup;
			children = (
				6AC7495C2908EB6F00339F1A /* Assets.xcassets */,
			);
			path = Resources;
			sourceTree = "<group>";
		};
/* End PBXGroup section */

/* Begin PBXNativeTarget section */
		6AC7494F2908EB6D00339F1A /* Alef */ = {
			isa = PBXNativeTarget;
			buildConfigurationList = 6AC749642908EB6F00339F1A /* Build configuration list for PBXNativeTarget "Alef" */;
			buildPhases = (
				6AC7494C2908EB6D00339F1A /* Sources */,
				6AC7494D2908EB6D00339F1A /* Frameworks */,
				6AC7494E2908EB6D00339F1A /* Resources */,
			);
			buildRules = (
			);
			dependencies = (
			);
			name = Alef;
			productName = Alef;
			productReference = 6AC749502908EB6D00339F1A /* Alef.app */;
			productType = "com.apple.product-type.application";
		};
/* End PBXNativeTarget section */

/* Begin PBXProject section */
		6AC749482908EB6D00339F1A /* Project object */ = {
			isa = PBXProject;
			attributes = {
				BuildIndependentTargetsInParallel = 1;
				LastSwiftUpdateCheck = 1400;
				LastUpgradeCheck = 1400;
				TargetAttributes = {
					6AC7494F2908EB6D00339F1A = {
						CreatedOnToolsVersion = 14.0.1;
					};
				};
			};
			buildConfigurationList = 6AC7494B2908EB6D00339F1A /* Build configuration list for PBXProject "Alef" */;
			compatibilityVersion = "Xcode 14.0";
			developmentRegion = en;
			hasScannedForEncodings = 0;
			knownRegions = (
				en,
				Base,
			);
			mainGroup = 6AC749472908EB6D00339F1A;
			productRefGroup = 6AC749512908EB6D00339F1A /* Products */;
			projectDirPath = "";
			projectRoot = "";
			targets = (
				6AC7494F2908EB6D00339F1A /* Alef */,
			);
		};
/* End PBXProject section */

/* Begin PBXResourcesBuildPhase section */
		6AC7494E2908EB6D00339F1A /* Resources */ = {
			isa = PBXResourcesBuildPhase;
			buildActionMask = 2147483647;
			files = (
				6AC749602908EB6F00339F1A /* LaunchScreen.storyboard in Resources */,
				6AC7495D2908EB6F00339F1A /* Assets.xcassets in Resources */,
			);
			runOnlyForDeploymentPostprocessing = 0;
		};
/* End PBXResourcesBuildPhase section */

/* Begin PBXSourcesBuildPhase section */
		6AC7494C2908EB6D00339F1A /* Sources */ = {
			isa = PBXSourcesBuildPhase;
			buildActionMask = 2147483647;
			files = (
				6AC749542908EB6D00339F1A /* AppDelegate.swift in Sources */,
				6AC749C6290ACFD100339F1A /* ChildsTableViewCellModel.swift in Sources */,
				6AC749B82909B6F600339F1A /* MainViewPresenter.swift in Sources */,
				6AC749902909235C00339F1A /* ChildsHeaderView.swift in Sources */,
				6AC749562908EB6D00339F1A /* SceneDelegate.swift in Sources */,
				6AC749BC2909C0C800339F1A /* ChildsTableViewCell.swift in Sources */,
				6AC749B52909B6B200339F1A /* ChildsTableViewDataSource.swift in Sources */,
				6AC7498A29090C3E00339F1A /* TextFieldWithTitle.swift in Sources */,
				6AC749682908EC6200339F1A /* MainViewController.swift in Sources */,
				6AC749BA2909C06100339F1A /* MainViewModel.swift in Sources */,
			);
			runOnlyForDeploymentPostprocessing = 0;
		};
/* End PBXSourcesBuildPhase section */

/* Begin PBXVariantGroup section */
		6AC7495E2908EB6F00339F1A /* LaunchScreen.storyboard */ = {
			isa = PBXVariantGroup;
			children = (
				6AC7495F2908EB6F00339F1A /* Base */,
			);
			name = LaunchScreen.storyboard;
			sourceTree = "<group>";
		};
/* End PBXVariantGroup section */

/* Begin XCBuildConfiguration section */
		6AC749622908EB6F00339F1A /* Debug */ = {
			isa = XCBuildConfiguration;
			buildSettings = {
				ALWAYS_SEARCH_USER_PATHS = NO;
				CLANG_ANALYZER_NONNULL = YES;
				CLANG_ANALYZER_NUMBER_OBJECT_CONVERSION = YES_AGGRESSIVE;
				CLANG_CXX_LANGUAGE_STANDARD = "gnu++20";
				CLANG_ENABLE_MODULES = YES;
				CLANG_ENABLE_OBJC_ARC = YES;
				CLANG_ENABLE_OBJC_WEAK = YES;
				CLANG_WARN_BLOCK_CAPTURE_AUTORELEASING = YES;
				CLANG_WARN_BOOL_CONVERSION = YES;
				CLANG_WARN_COMMA = YES;
				CLANG_WARN_CONSTANT_CONVERSION = YES;
				CLANG_WARN_DEPRECATED_OBJC_IMPLEMENTATIONS = YES;
				CLANG_WARN_DIRECT_OBJC_ISA_USAGE = YES_ERROR;
				CLANG_WARN_DOCUMENTATION_COMMENTS = YES;
				CLANG_WARN_EMPTY_BODY = YES;
				CLANG_WARN_ENUM_CONVERSION = YES;
				CLANG_WARN_INFINITE_RECURSION = YES;
				CLANG_WARN_INT_CONVERSION = YES;
				CLANG_WARN_NON_LITERAL_NULL_CONVERSION = YES;
				CLANG_WARN_OBJC_IMPLICIT_RETAIN_SELF = YES;
				CLANG_WARN_OBJC_LITERAL_CONVERSION = YES;
				CLANG_WARN_OBJC_ROOT_CLASS = YES_ERROR;
				CLANG_WARN_QUOTED_INCLUDE_IN_FRAMEWORK_HEADER = YES;
				CLANG_WARN_RANGE_LOOP_ANALYSIS = YES;
				CLANG_WARN_STRICT_PROTOTYPES = YES;
				CLANG_WARN_SUSPICIOUS_MOVE = YES;
				CLANG_WARN_UNGUARDED_AVAILABILITY = YES_AGGRESSIVE;
				CLANG_WARN_UNREACHABLE_CODE = YES;
				CLANG_WARN__DUPLICATE_METHOD_MATCH = YES;
				COPY_PHASE_STRIP = NO;
				DEBUG_INFORMATION_FORMAT = dwarf;
				ENABLE_STRICT_OBJC_MSGSEND = YES;
				ENABLE_TESTABILITY = YES;
				GCC_C_LANGUAGE_STANDARD = gnu11;
				GCC_DYNAMIC_NO_PIC = NO;
				GCC_NO_COMMON_BLOCKS = YES;
				GCC_OPTIMIZATION_LEVEL = 0;
				GCC_PREPROCESSOR_DEFINITIONS = (
					"DEBUG=1",
					"$(inherited)",
				);
				GCC_WARN_64_TO_32_BIT_CONVERSION = YES;
				GCC_WARN_ABOUT_RETURN_TYPE = YES_ERROR;
				GCC_WARN_UNDECLARED_SELECTOR = YES;
				GCC_WARN_UNINITIALIZED_AUTOS = YES_AGGRESSIVE;
				GCC_WARN_UNUSED_FUNCTION = YES;
				GCC_WARN_UNUSED_VARIABLE = YES;
				IPHONEOS_DEPLOYMENT_TARGET = 16.0;
				MTL_ENABLE_DEBUG_INFO = INCLUDE_SOURCE;
				MTL_FAST_MATH = YES;
				ONLY_ACTIVE_ARCH = YES;
				SDKROOT = iphoneos;
				SWIFT_ACTIVE_COMPILATION_CONDITIONS = DEBUG;
				SWIFT_OPTIMIZATION_LEVEL = "-Onone";
			};
			name = Debug;
		};
		6AC749632908EB6F00339F1A /* Release */ = {
			isa = XCBuildConfiguration;
			buildSettings = {
				ALWAYS_SEARCH_USER_PATHS = NO;
				CLANG_ANALYZER_NONNULL = YES;
				CLANG_ANALYZER_NUMBER_OBJECT_CONVERSION = YES_AGGRESSIVE;
				CLANG_CXX_LANGUAGE_STANDARD = "gnu++20";
				CLANG_ENABLE_MODULES = YES;
				CLANG_ENABLE_OBJC_ARC = YES;
				CLANG_ENABLE_OBJC_WEAK = YES;
				CLANG_WARN_BLOCK_CAPTURE_AUTORELEASING = YES;
				CLANG_WARN_BOOL_CONVERSION = YES;
				CLANG_WARN_COMMA = YES;
				CLANG_WARN_CONSTANT_CONVERSION = YES;
				CLANG_WARN_DEPRECATED_OBJC_IMPLEMENTATIONS = YES;
				CLANG_WARN_DIRECT_OBJC_ISA_USAGE = YES_ERROR;
				CLANG_WARN_DOCUMENTATION_COMMENTS = YES;
				CLANG_WARN_EMPTY_BODY = YES;
				CLANG_WARN_ENUM_CONVERSION = YES;
				CLANG_WARN_INFINITE_RECURSION = YES;
				CLANG_WARN_INT_CONVERSION = YES;
				CLANG_WARN_NON_LITERAL_NULL_CONVERSION = YES;
				CLANG_WARN_OBJC_IMPLICIT_RETAIN_SELF = YES;
				CLANG_WARN_OBJC_LITERAL_CONVERSION = YES;
				CLANG_WARN_OBJC_ROOT_CLASS = YES_ERROR;
				CLANG_WARN_QUOTED_INCLUDE_IN_FRAMEWORK_HEADER = YES;
				CLANG_WARN_RANGE_LOOP_ANALYSIS = YES;
				CLANG_WARN_STRICT_PROTOTYPES = YES;
				CLANG_WARN_SUSPICIOUS_MOVE = YES;
				CLANG_WARN_UNGUARDED_AVAILABILITY = YES_AGGRESSIVE;
				CLANG_WARN_UNREACHABLE_CODE = YES;
				CLANG_WARN__DUPLICATE_METHOD_MATCH = YES;
				COPY_PHASE_STRIP = NO;
				DEBUG_INFORMATION_FORMAT = "dwarf-with-dsym";
				ENABLE_NS_ASSERTIONS = NO;
				ENABLE_STRICT_OBJC_MSGSEND = YES;
				GCC_C_LANGUAGE_STANDARD = gnu11;
				GCC_NO_COMMON_BLOCKS = YES;
				GCC_WARN_64_TO_32_BIT_CONVERSION = YES;
				GCC_WARN_ABOUT_RETURN_TYPE = YES_ERROR;
				GCC_WARN_UNDECLARED_SELECTOR = YES;
				GCC_WARN_UNINITIALIZED_AUTOS = YES_AGGRESSIVE;
				GCC_WARN_UNUSED_FUNCTION = YES;
				GCC_WARN_UNUSED_VARIABLE = YES;
				IPHONEOS_DEPLOYMENT_TARGET = 16.0;
				MTL_ENABLE_DEBUG_INFO = NO;
				MTL_FAST_MATH = YES;
				SDKROOT = iphoneos;
				SWIFT_COMPILATION_MODE = wholemodule;
				SWIFT_OPTIMIZATION_LEVEL = "-O";
				VALIDATE_PRODUCT = YES;
			};
			name = Release;
		};
		6AC749652908EB6F00339F1A /* Debug */ = {
			isa = XCBuildConfiguration;
			buildSettings = {
				ASSETCATALOG_COMPILER_APPICON_NAME = AppIcon;
				ASSETCATALOG_COMPILER_GLOBAL_ACCENT_COLOR_NAME = AccentColor;
				CODE_SIGN_STYLE = Automatic;
				CURRENT_PROJECT_VERSION = 1;
				DEVELOPMENT_TEAM = PW697ZQRTK;
				GENERATE_INFOPLIST_FILE = YES;
				INFOPLIST_FILE = Alef/App/Info.plist;
				INFOPLIST_KEY_UIApplicationSupportsIndirectInputEvents = YES;
				INFOPLIST_KEY_UILaunchStoryboardName = LaunchScreen;
				INFOPLIST_KEY_UIMainStoryboardFile = "";
				INFOPLIST_KEY_UISupportedInterfaceOrientations_iPad = "UIInterfaceOrientationPortrait UIInterfaceOrientationPortraitUpsideDown UIInterfaceOrientationLandscapeLeft UIInterfaceOrientationLandscapeRight";
				INFOPLIST_KEY_UISupportedInterfaceOrientations_iPhone = "UIInterfaceOrientationPortrait UIInterfaceOrientationLandscapeLeft UIInterfaceOrientationLandscapeRight";
				LD_RUNPATH_SEARCH_PATHS = (
					"$(inherited)",
					"@executable_path/Frameworks",
				);
				MARKETING_VERSION = 1.0;
				PRODUCT_BUNDLE_IDENTIFIER = ta.Alef;
				PRODUCT_NAME = "$(TARGET_NAME)";
				SWIFT_EMIT_LOC_STRINGS = YES;
				SWIFT_VERSION = 5.0;
				TARGETED_DEVICE_FAMILY = "1,2";
			};
			name = Debug;
		};
		6AC749662908EB6F00339F1A /* Release */ = {
			isa = XCBuildConfiguration;
			buildSettings = {
				ASSETCATALOG_COMPILER_APPICON_NAME = AppIcon;
				ASSETCATALOG_COMPILER_GLOBAL_ACCENT_COLOR_NAME = AccentColor;
				CODE_SIGN_STYLE = Automatic;
				CURRENT_PROJECT_VERSION = 1;
				DEVELOPMENT_TEAM = PW697ZQRTK;
				GENERATE_INFOPLIST_FILE = YES;
				INFOPLIST_FILE = Alef/App/Info.plist;
				INFOPLIST_KEY_UIApplicationSupportsIndirectInputEvents = YES;
				INFOPLIST_KEY_UILaunchStoryboardName = LaunchScreen;
				INFOPLIST_KEY_UIMainStoryboardFile = "";
				INFOPLIST_KEY_UISupportedInterfaceOrientations_iPad = "UIInterfaceOrientationPortrait UIInterfaceOrientationPortraitUpsideDown UIInterfaceOrientationLandscapeLeft UIInterfaceOrientationLandscapeRight";
				INFOPLIST_KEY_UISupportedInterfaceOrientations_iPhone = "UIInterfaceOrientationPortrait UIInterfaceOrientationLandscapeLeft UIInterfaceOrientationLandscapeRight";
				LD_RUNPATH_SEARCH_PATHS = (
					"$(inherited)",
					"@executable_path/Frameworks",
				);
				MARKETING_VERSION = 1.0;
				PRODUCT_BUNDLE_IDENTIFIER = ta.Alef;
				PRODUCT_NAME = "$(TARGET_NAME)";
				SWIFT_EMIT_LOC_STRINGS = YES;
				SWIFT_VERSION = 5.0;
				TARGETED_DEVICE_FAMILY = "1,2";
			};
			name = Release;
		};
/* End XCBuildConfiguration section */

/* Begin XCConfigurationList section */
		6AC7494B2908EB6D00339F1A /* Build configuration list for PBXProject "Alef" */ = {
			isa = XCConfigurationList;
			buildConfigurations = (
				6AC749622908EB6F00339F1A /* Debug */,
				6AC749632908EB6F00339F1A /* Release */,
			);
			defaultConfigurationIsVisible = 0;
			defaultConfigurationName = Release;
		};
		6AC749642908EB6F00339F1A /* Build configuration list for PBXNativeTarget "Alef" */ = {
			isa = XCConfigurationList;
			buildConfigurations = (
				6AC749652908EB6F00339F1A /* Debug */,
				6AC749662908EB6F00339F1A /* Release */,
			);
			defaultConfigurationIsVisible = 0;
			defaultConfigurationName = Release;
		};
/* End XCConfigurationList section */
	};
	rootObject = 6AC749482908EB6D00339F1A /* Project object */;
}
